35742
/usr/lib/jvm/jdk-21.0.1/bin/java -agentlib:jdwp=transport=dt_socket,address=127.0.0.1:54617,suspend=y,server=n -javaagent:/opt/idea-IC-233.14015.106/plugins/java/lib/rt/debugger-agent.jar=file:/tmp/capture.props -Dfile.encoding=UTF-8 -Dsun.stdout.encoding=UTF-8 -Dsun.stderr.encoding=UTF-8 -classpath /home/cosmah/Desktop/pro/Scholar/target/classes:/home/cosmah/.m2/repository/com/vaadin/vaadin/24.4.3/vaadin-24.4.3.jar:/home/cosmah/.m2/repository/com/vaadin/vaadin-internal/24.4.3/vaadin-internal-24.4.3.jar:/home/cosmah/.m2/repository/com/vaadin/vaadin-core-internal/24.4.3/vaadin-core-internal-24.4.3.jar:/home/cosmah/.m2/repository/com/vaadin/flow-lit-template/24.4.2/flow-lit-template-24.4.2.jar:/home/cosmah/.m2/repository/com/vaadin/flow-react/24.4.2/flow-react-24.4.2.jar:/home/cosmah/.m2/repository/com/vaadin/flow-html-components/24.4.2/flow-html-components-24.4.2.jar:/home/cosmah/.m2/repository/com/vaadin/flow-data/24.4.2/flow-data-24.4.2.jar:/home/cosmah/.m2/repository/com/vaadin/flow-dnd/24.4.2/flow-dnd-24.4.2.jar:/home/cosmah/.m2/repository/com/vaadin/vaadin-lumo-theme/24.4.3/vaadin-lumo-theme-24.4.3.jar:/home/cosmah/.m2/repository/com/vaadin/vaadin-material-theme/24.4.3/vaadin-material-theme-24.4.3.jar:/home/cosmah/.m2/repository/com/vaadin/vaadin-accordion-flow/24.4.3/vaadin-accordion-flow-24.4.3.jar:/home/cosmah/.m2/repository/com/vaadin/vaadin-avatar-flow/24.4.3/vaadin-avatar-flow-24.4.3.jar:/home/cosmah/.m2/repository/com/vaadin/vaadin-button-flow/24.4.3/vaadin-button-flow-24.4.3.jar:/home/cosmah/.m2/repository/com/vaadin/vaadin-checkbox-flow/24.4.3/vaadin-checkbox-flow-24.4.3.jar:/home/cosmah/.m2/repository/com/vaadin/vaadin-combo-box-flow/24.4.3/vaadin-combo-box-flow-24.4.3.jar:/home/cosmah/.m2/repository/com/vaadin/vaadin-confirm-dialog-flow/24.4.3/vaadin-confirm-dialog-flow-24.4.3.jar:/home/cosmah/.m2/repository/com/vaadin/vaadin-custom-field-flow/24.4.3/vaadin-custom-field-flow-24.4.3.jar:/home/cosmah/.m2/repository/com/vaadin/vaadin-date-picker-flow/24.4.3/vaadin-date-picker-flow-24.4.3.jar:/home/cosmah/.m2/repository/com/vaadin/vaadin-date-time-picker-flow/24.4.3/vaadin-date-time-picker-flow-24.4.3.jar:/home/cosmah/.m2/repository/com/vaadin/vaadin-details-flow/24.4.3/vaadin-details-flow-24.4.3.jar:/home/cosmah/.m2/repository/com/vaadin/vaadin-time-picker-flow/24.4.3/vaadin-time-picker-flow-24.4.3.jar:/home/cosmah/.m2/repository/com/vaadin/vaadin-select-flow/24.4.3/vaadin-select-flow-24.4.3.jar:/home/cosmah/.m2/repository/com/vaadin/vaadin-side-nav-flow/24.4.3/vaadin-side-nav-flow-24.4.3.jar:/home/cosmah/.m2/repository/com/vaadin/vaadin-dialog-flow/24.4.3/vaadin-dialog-flow-24.4.3.jar:/home/cosmah/.m2/repository/com/vaadin/vaadin-form-layout-flow/24.4.3/vaadin-form-layout-flow-24.4.3.jar:/home/cosmah/.m2/repository/com/vaadin/vaadin-field-highlighter-flow/24.4.3/vaadin-field-highlighter-flow-24.4.3.jar:/home/cosmah/.m2/repository/com/vaadin/vaadin-grid-flow/24.4.3/vaadin-grid-flow-24.4.3.jar:/home/cosmah/.m2/repository/org/apache/commons/commons-lang3/3.13.0/commons-lang3-3.13.0.jar:/home/cosmah/.m2/repository/com/vaadin/vaadin-icons-flow/24.4.3/vaadin-icons-flow-24.4.3.jar:/home/cosmah/.m2/repository/com/vaadin/vaadin-virtual-list-flow/24.4.3/vaadin-virtual-list-flow-24.4.3.jar:/home/cosmah/.m2/repository/com/vaadin/vaadin-list-box-flow/24.4.3/vaadin-list-box-flow-24.4.3.jar:/home/cosmah/.m2/repository/com/vaadin/vaadin-login-flow/24.4.3/vaadin-login-flow-24.4.3.jar:/home/cosmah/.m2/repository/com/vaadin/vaadin-messages-flow/24.4.3/vaadin-messages-flow-24.4.3.jar:/home/cosmah/.m2/repository/com/vaadin/vaadin-ordered-layout-flow/24.4.3/vaadin-ordered-layout-flow-24.4.3.jar:/home/cosmah/.m2/repository/com/vaadin/vaadin-progress-bar-flow/24.4.3/vaadin-progress-bar-flow-24.4.3.jar:/home/cosmah/.m2/repository/com/vaadin/vaadin-radio-button-flow/24.4.3/vaadin-radio-button-flow-24.4.3.jar:/home/cosmah/.m2/repository/com/vaadin/vaadin-renderer-flow/24.4.3/vaadin-renderer-flow-24.4.3.jar:/home/cosmah/.m2/repository/com/vaadin/vaadin-split-layout-flow/24.4.3/vaadin-split-layout-flow-24.4.3.jar:/home/cosmah/.m2/reposi
